
Microsoft Visual Studio Solution File, Format Version 12.00
# Visual Studio Version 17
VisualStudioVersion = 17.5.33424.131
MinimumVisualStudioVersion = 10.0.40219.1
Project("{FAE04EC0-301F-11D3-BF4B-00C04F79EFBC}") = "final_task_api", "final_task_api\final_task_api.csproj", "{FEA0409A-9BA7-434A-800D-870819BA0331}"
EndProject
Global
	GlobalSection(SolutionConfigurationPlatforms) = preSolution
		Debug|Any CPU = Debug|Any CPU
		Release|Any CPU = Release|Any CPU
	EndGlobalSection
	GlobalSection(ProjectConfigurationPlatforms) = postSolution
		{FEA0409A-9BA7-434A-800D-870819BA0331}.Debug|Any CPU.ActiveCfg = Debug|Any CPU
		{FEA0409A-9BA7-434A-800D-870819BA0331}.Debug|Any CPU.Build.0 = Debug|Any CPU
		{FEA0409A-9BA7-434A-800D-870819BA0331}.Release|Any CPU.ActiveCfg = Release|Any CPU
		{FEA0409A-9BA7-434A-800D-870819BA0331}.Release|Any CPU.Build.0 = Release|Any CPU
	EndGlobalSection
	GlobalSection(SolutionProperties) = preSolution
		HideSolutionNode = FALSE
	EndGlobalSection
	GlobalSection(ExtensibilityGlobals) = postSolution
		SolutionGuid = {37AB0BF6-063B-408C-933C-0A551FBA0732}
	EndGlobalSection
EndGlobal
